
Microsoft Visual Studio Solution File, Format Version 12.00
# Visual Studio Version 17
VisualStudioVersion = 17.3.32929.385
MinimumVisualStudioVersion = 10.0.40219.1
Project("{FAE04EC0-301F-11D3-BF4B-00C04F79EFBC}") = "EmployeeManagementSystem.Web", "EmployeeManagementSystem.Web\EmployeeManagementSystem.Web.csproj", "{37B0DC00-D207-41AA-A8E6-6445D0076273}"
EndProject
Project("{FAE04EC0-301F-11D3-BF4B-00C04F79EFBC}") = "EmployeeManagementSystem.API", "EmployeeManagementSystem.API\EmployeeManagementSystem.API.csproj", "{892548B4-DAFA-405B-858A-93E80FCADB62}"
EndProject
Project("{FAE04EC0-301F-11D3-BF4B-00C04F79EFBC}") = "EmployeeManagementSystem.DAL", "EmployeeManagementSystem.DAL\EmployeeManagementSystem.DAL.csproj", "{4EAB86E2-E6E0-4B7B-9F2E-0B9DD092F13D}"
EndProject
Project("{FAE04EC0-301F-11D3-BF4B-00C04F79EFBC}") = "EmployeeManagementSystem.DTO", "EmployeeManagementSystem.DTO\EmployeeManagementSystem.DTO.csproj", "{526A6C1D-D76E-49C9-8EF6-C0222F610C65}"
EndProject
Project("{FAE04EC0-301F-11D3-BF4B-00C04F79EFBC}") = "EmployeeManagementSystem.Tests", "EmployeeManagementSystem.Tests\EmployeeManagementSystem.Tests.csproj", "{FB68CAA4-B680-4DC9-B670-C495EEE3073A}"
EndProject
Global
	GlobalSection(SolutionConfigurationPlatforms) = preSolution
		Debug|Any CPU = Debug|Any CPU
		Release|Any CPU = Release|Any CPU
	EndGlobalSection
	GlobalSection(ProjectConfigurationPlatforms) = postSolution
		{37B0DC00-D207-41AA-A8E6-6445D0076273}.Debug|Any CPU.ActiveCfg = Debug|Any CPU
		{37B0DC00-D207-41AA-A8E6-6445D0076273}.Debug|Any CPU.Build.0 = Debug|Any CPU
		{37B0DC00-D207-41AA-A8E6-6445D0076273}.Release|Any CPU.ActiveCfg = Release|Any CPU
		{37B0DC00-D207-41AA-A8E6-6445D0076273}.Release|Any CPU.Build.0 = Release|Any CPU
		{892548B4-DAFA-405B-858A-93E80FCADB62}.Debug|Any CPU.ActiveCfg = Debug|Any CPU
		{892548B4-DAFA-405B-858A-93E80FCADB62}.Debug|Any CPU.Build.0 = Debug|Any CPU
		{892548B4-DAFA-405B-858A-93E80FCADB62}.Release|Any CPU.ActiveCfg = Release|Any CPU
		{892548B4-DAFA-405B-858A-93E80FCADB62}.Release|Any CPU.Build.0 = Release|Any CPU
		{4EAB86E2-E6E0-4B7B-9F2E-0B9DD092F13D}.Debug|Any CPU.ActiveCfg = Debug|Any CPU
		{4EAB86E2-E6E0-4B7B-9F2E-0B9DD092F13D}.Debug|Any CPU.Build.0 = Debug|Any CPU
		{4EAB86E2-E6E0-4B7B-9F2E-0B9DD092F13D}.Release|Any CPU.ActiveCfg = Release|Any CPU
		{4EAB86E2-E6E0-4B7B-9F2E-0B9DD092F13D}.Release|Any CPU.Build.0 = Release|Any CPU
		{526A6C1D-D76E-49C9-8EF6-C0222F610C65}.Debug|Any CPU.ActiveCfg = Debug|Any CPU
		{526A6C1D-D76E-49C9-8EF6-C0222F610C65}.Debug|Any CPU.Build.0 = Debug|Any CPU
		{526A6C1D-D76E-49C9-8EF6-C0222F610C65}.Release|Any CPU.ActiveCfg = Release|Any CPU
		{526A6C1D-D76E-49C9-8EF6-C0222F610C65}.Release|Any CPU.Build.0 = Release|Any CPU
		{FB68CAA4-B680-4DC9-B670-C495EEE3073A}.Debug|Any CPU.ActiveCfg = Debug|Any CPU
		{FB68CAA4-B680-4DC9-B670-C495EEE3073A}.Debug|Any CPU.Build.0 = Debug|Any CPU
		{FB68CAA4-B680-4DC9-B670-C495EEE3073A}.Release|Any CPU.ActiveCfg = Release|Any CPU
		{FB68CAA4-B680-4DC9-B670-C495EEE3073A}.Release|Any CPU.Build.0 = Release|Any CPU
	EndGlobalSection
	GlobalSection(SolutionProperties) = preSolution
		HideSolutionNode = FALSE
	EndGlobalSection
	GlobalSection(ExtensibilityGlobals) = postSolution
		SolutionGuid = {59A95614-DF82-45D2-9446-CC27B2B45D18}
	EndGlobalSection
EndGlobal
